
Microsoft Visual Studio Solution File, Format Version 12.00
# Visual Studio 15
VisualStudioVersion = 15.0.27428.2043
MinimumVisualStudioVersion = 10.0.40219.1
Project("{FAE04EC0-301F-11D3-BF4B-00C04F79EFBC}") = "FinancialManagerSystem", "FinancialManagerSystem\FinancialManagerSystem.csproj", "{18EC34C1-24B6-4D8C-BD82-295A5E6FC751}"
EndProject
Global
	GlobalSection(SolutionConfigurationPlatforms) = preSolution
		Debug|Any CPU = Debug|Any CPU
		Release|Any CPU = Release|Any CPU
	EndGlobalSection
	GlobalSection(ProjectConfigurationPlatforms) = postSolution
		{18EC34C1-24B6-4D8C-BD82-295A5E6FC751}.Debug|Any CPU.ActiveCfg = Debug|Any CPU
		{18EC34C1-24B6-4D8C-BD82-295A5E6FC751}.Debug|Any CPU.Build.0 = Debug|Any CPU
		{18EC34C1-24B6-4D8C-BD82-295A5E6FC751}.Release|Any CPU.ActiveCfg = Release|Any CPU
		{18EC34C1-24B6-4D8C-BD82-295A5E6FC751}.Release|Any CPU.Build.0 = Release|Any CPU
	EndGlobalSection
	GlobalSection(SolutionProperties) = preSolution
		HideSolutionNode = FALSE
	EndGlobalSection
	GlobalSection(ExtensibilityGlobals) = postSolution
		SolutionGuid = {C8A523C3-5838-4DE2-8389-D41F58A4AA70}
	EndGlobalSection
EndGlobal
